
Microsoft Visual Studio Solution File, Format Version 12.00
# Visual Studio Version 16
VisualStudioVersion = 16.0.31424.327
MinimumVisualStudioVersion = 10.0.40219.1
Project("{FAE04EC0-301F-11D3-BF4B-00C04F79EFBC}") = "ItemsControl", "ItemsControl\ItemsControl.csproj", "{98A6BD02-411D-44AE-AC9F-C0206B729DE9}"
EndProject
Global
	GlobalSection(SolutionConfigurationPlatforms) = preSolution
		Debug|Any CPU = Debug|Any CPU
		Release|Any CPU = Release|Any CPU
	EndGlobalSection
	GlobalSection(ProjectConfigurationPlatforms) = postSolution
		{98A6BD02-411D-44AE-AC9F-C0206B729DE9}.Debug|Any CPU.ActiveCfg = Debug|Any CPU
		{98A6BD02-411D-44AE-AC9F-C0206B729DE9}.Debug|Any CPU.Build.0 = Debug|Any CPU
		{98A6BD02-411D-44AE-AC9F-C0206B729DE9}.Release|Any CPU.ActiveCfg = Release|Any CPU
		{98A6BD02-411D-44AE-AC9F-C0206B729DE9}.Release|Any CPU.Build.0 = Release|Any CPU
	EndGlobalSection
	GlobalSection(SolutionProperties) = preSolution
		HideSolutionNode = FALSE
	EndGlobalSection
	GlobalSection(ExtensibilityGlobals) = postSolution
		SolutionGuid = {D144A0BC-9B0C-4F02-ACB1-53499788C78F}
	EndGlobalSection
EndGlobal
